// !$*UTF8*$!
{
	archiveVersion = 1;
	classes = {
	};
	objectVersion = 50;
	objects = {

/* Begin PBXBuildFile section */
		FB6FDD6A235013AC0045CEDD /* AppDelegate.swift in Sources */ = {isa = PBXBuildFile; fileRef = FB6FDD69235013AC0045CEDD /* AppDelegate.swift */; };
		FB6FDD6C235013AC0045CEDD /* SceneDelegate.swift in Sources */ = {isa = PBXBuildFile; fileRef = FB6FDD6B235013AC0045CEDD /* SceneDelegate.swift */; };
		FB6FDD6E235013AC0045CEDD /* ViewController.swift in Sources */ = {isa = PBXBuildFile; fileRef = FB6FDD6D235013AC0045CEDD /* ViewController.swift */; };
		FB6FDD71235013AC0045CEDD /* Main.storyboard in Resources */ = {isa = PBXBuildFile; fileRef = FB6FDD6F235013AC0045CEDD /* Main.storyboard */; };
		FB6FDD73235013AF0045CEDD /* Assets.xcassets in Resources */ = {isa = PBXBuildFile; fileRef = FB6FDD72235013AF0045CEDD /* Assets.xcassets */; };
		FB6FDD76235013AF0045CEDD /* LaunchScreen.storyboard in Resources */ = {isa = PBXBuildFile; fileRef = FB6FDD74235013AF0045CEDD /* LaunchScreen.storyboard */; };
/* End PBXBuildFile section */

/* Begin PBXFileReference section */
		FB6FDD66235013AC0045CEDD /* Gasolina-ou-Alcool.app */ = {isa = PBXFileReference; explicitFileType = wrapper.application; includeInIndex = 0; path = "Gasolina-ou-Alcool.app"; sourceTree = BUILT_PRODUCTS_DIR; };
		FB6FDD69235013AC0045CEDD /* AppDelegate.swift */ = {isa = PBXFileReference; lastKnownFileType = sourcecode.swift; path = AppDelegate.swift; sourceTree = "<group>"; };
		FB6FDD6B235013AC0045CEDD /* SceneDelegate.swift */ = {isa = PBXFileReference; lastKnownFileType = sourcecode.swift; path = SceneDelegate.swift; sourceTree = "<group>"; };
		FB6FDD6D235013AC0045CEDD /* ViewController.swift */ = {isa = PBXFileReference; lastKnownFileType = sourcecode.swift; path = ViewController.swift; sourceTree = "<group>"; };
		FB6FDD70235013AC0045CEDD /* Base */ = {isa = PBXFileReference; lastKnownFileType = file.storyboard; name = Base; path = Base.lproj/Main.storyboard; sourceTree = "<group>"; };
		FB6FDD72235013AF0045CEDD /* Assets.xcassets */ = {isa = PBXFileReference; lastKnownFileType = folder.assetcatalog; path = Assets.xcassets; sourceTree = "<group>"; };
		FB6FDD75235013AF0045CEDD /* Base */ = {isa = PBXFileReference; lastKnownFileType = file.storyboard; name = Base; path = Base.lproj/LaunchScreen.storyboard; sourceTree = "<group>"; };
		FB6FDD77235013AF0045CEDD /* Info.plist */ = {isa = PBXFileReference; lastKnownFileType = text.plist.xml; path = Info.plist; sourceTree = "<group>"; };
/* End PBXFileReference section */

/* Begin PBXFrameworksBuildPhase section */
		FB6FDD63235013AC0045CEDD /* Frameworks */ = {
			isa = PBXFrameworksBuildPhase;
			buildActionMask = 2147483647;
			files = (
			);
			runOnlyForDeploymentPostprocessing = 0;
		};
/* End PBXFrameworksBuildPhase section */

/* Begin PBXGroup section */
		FB6FDD5D235013AC0045CEDD = {
			isa = PBXGroup;
			children = (
				FB6FDD68235013AC0045CEDD /* Gasolina-ou-Alcool */,
				FB6FDD67235013AC0045CEDD /* Products */,
			);
			sourceTree = "<group>";
		};
		FB6FDD67235013AC0045CEDD /* Products */ = {
			isa = PBXGroup;
			children = (
				FB6FDD66235013AC0045CEDD /* Gasolina-ou-Alcool.app */,
			);
			name = Products;
			sourceTree = "<group>";
		};
		FB6FDD68235013AC0045CEDD /* Gasolina-ou-Alcool */ = {
			isa = PBXGroup;
			children = (
				FB6FDD69235013AC0045CEDD /* AppDelegate.swift */,
				FB6FDD6B235013AC0045CEDD /* SceneDelegate.swift */,
				FB6FDD6D235013AC0045CEDD /* ViewController.swift */,
				FB6FDD6F235013AC0045CEDD /* Main.storyboard */,
				FB6FDD72235013AF0045CEDD /* Assets.xcassets */,
				FB6FDD74235013AF0045CEDD /* LaunchScreen.storyboard */,
				FB6FDD77235013AF0045CEDD /* Info.plist */,
			);
			path = "Gasolina-ou-Alcool";
			sourceTree = "<group>";
		};
/* End PBXGroup section */

/* Begin PBXNativeTarget section */
		FB6FDD65235013AC0045CEDD /* Gasolina-ou-Alcool */ = {
			isa = PBXNativeTarget;
			buildConfigurationList = FB6FDD7A235013AF0045CEDD /* Build configuration list for PBXNativeTarget "Gasolina-ou-Alcool" */;
			buildPhases = (
				FB6FDD62235013AC0045CEDD /* Sources */,
				FB6FDD63235013AC0045CEDD /* Frameworks */,
				FB6FDD64235013AC0045CEDD /* Resources */,
			);
			buildRules = (
			);
			dependencies = (
			);
			name = "Gasolina-ou-Alcool";
			productName = "Gasolina-ou-Alcool";
			productReference = FB6FDD66235013AC0045CEDD /* Gasolina-ou-Alcool.app */;
			productType = "com.apple.product-type.application";
		};
/* End PBXNativeTarget section */

/* Begin PBXProject section */
		FB6FDD5E235013AC0045CEDD /* Project object */ = {
			isa = PBXProject;
			attributes = {
				LastSwiftUpdateCheck = 1100;
				LastUpgradeCheck = 1100;
				ORGANIZATIONNAME = "Ricardo Becker";
				TargetAttributes = {
					FB6FDD65235013AC0045CEDD = {
						CreatedOnToolsVersion = 11.0;
					};
				};
			};
			buildConfigurationList = FB6FDD61235013AC0045CEDD /* Build configuration list for PBXProject "Gasolina-ou-Alcool" */;
			compatibilityVersion = "Xcode 9.3";
			developmentRegion = en;
			hasScannedForEncodings = 0;
			knownRegions = (
				en,
				Base,
			);
			mainGroup = FB6FDD5D235013AC0045CEDD;
			productRefGroup = FB6FDD67235013AC0045CEDD /* Products */;
			projectDirPath = "";
			projectRoot = "";
			targets = (
				FB6FDD65235013AC0045CEDD /* Gasolina-ou-Alcool */,
			);
		};
/* End PBXProject section */

/* Begin PBXResourcesBuildPhase section */
		FB6FDD64235013AC0045CEDD /* Resources */ = {
			isa = PBXResourcesBuildPhase;
			buildActionMask = 2147483647;
			files = (
				FB6FDD76235013AF0045CEDD /* LaunchScreen.storyboard in Resources */,
				FB6FDD73235013AF0045CEDD /* Assets.xcassets in Resources */,
				FB6FDD71235013AC0045CEDD /* Main.storyboard in Resources */,
			);
			runOnlyForDeploymentPostprocessing = 0;
		};
/* End PBXResourcesBuildPhase section */

/* Begin PBXSourcesBuildPhase section */
		FB6FDD62235013AC0045CEDD /* Sources */ = {
			isa = PBXSourcesBuildPhase;
			buildActionMask = 2147483647;
			files = (
				FB6FDD6E235013AC0045CEDD /* ViewController.swift in Sources */,
				FB6FDD6A235013AC0045CEDD /* AppDelegate.swift in Sources */,
				FB6FDD6C235013AC0045CEDD /* SceneDelegate.swift in Sources */,
			);
			runOnlyForDeploymentPostprocessing = 0;
		};
/* End PBXSourcesBuildPhase section */

/* Begin PBXVariantGroup section */
		FB6FDD6F235013AC0045CEDD /* Main.storyboard */ = {
			isa = PBXVariantGroup;
			children = (
				FB6FDD70235013AC0045CEDD /* Base */,
			);
			name = Main.storyboard;
			sourceTree = "<group>";
		};
		FB6FDD74235013AF0045CEDD /* LaunchScreen.storyboard */ = {
			isa = PBXVariantGroup;
			children = (
				FB6FDD75235013AF0045CEDD /* Base */,
			);
			name = LaunchScreen.storyboard;
			sourceTree = "<group>";
		};
/* End PBXVariantGroup section */

/* Begin XCBuildConfiguration section */
		FB6FDD78235013AF0045CEDD /* Debug */ = {
			isa = XCBuildConfiguration;
			buildSettings = {
				ALWAYS_SEARCH_USER_PATHS = NO;
				CLANG_ANALYZER_NONNULL = YES;
				CLANG_ANALYZER_NUMBER_OBJECT_CONVERSION = YES_AGGRESSIVE;
				CLANG_CXX_LANGUAGE_STANDARD = "gnu++14";
				CLANG_CXX_LIBRARY = "libc++";
				CLANG_ENABLE_MODULES = YES;
				CLANG_ENABLE_OBJC_ARC = YES;
				CLANG_ENABLE_OBJC_WEAK = YES;
				CLANG_WARN_BLOCK_CAPTURE_AUTORELEASING = YES;
				CLANG_WARN_BOOL_CONVERSION = YES;
				CLANG_WARN_COMMA = YES;
				CLANG_WARN_CONSTANT_CONVERSION = YES;
				CLANG_WARN_DEPRECATED_OBJC_IMPLEMENTATIONS = YES;
				CLANG_WARN_DIRECT_OBJC_ISA_USAGE = YES_ERROR;
				CLANG_WARN_DOCUMENTATION_COMMENTS = YES;
				CLANG_WARN_EMPTY_BODY = YES;
				CLANG_WARN_ENUM_CONVERSION = YES;
				CLANG_WARN_INFINITE_RECURSION = YES;
				CLANG_WARN_INT_CONVERSION = YES;
				CLANG_WARN_NON_LITERAL_NULL_CONVERSION = YES;
				CLANG_WARN_OBJC_IMPLICIT_RETAIN_SELF = YES;
				CLANG_WARN_OBJC_LITERAL_CONVERSION = YES;
				CLANG_WARN_OBJC_ROOT_CLASS = YES_ERROR;
				CLANG_WARN_RANGE_LOOP_ANALYSIS = YES;
				CLANG_WARN_STRICT_PROTOTYPES = YES;
				CLANG_WARN_SUSPICIOUS_MOVE = YES;
				CLANG_WARN_UNGUARDED_AVAILABILITY = YES_AGGRESSIVE;
				CLANG_WARN_UNREACHABLE_CODE = YES;
				CLANG_WARN__DUPLICATE_METHOD_MATCH = YES;
				COPY_PHASE_STRIP = NO;
				DEBUG_INFORMATION_FORMAT = dwarf;
				ENABLE_STRICT_OBJC_MSGSEND = YES;
				ENABLE_TESTABILITY = YES;
				GCC_C_LANGUAGE_STANDARD = gnu11;
				GCC_DYNAMIC_NO_PIC = NO;
				GCC_NO_COMMON_BLOCKS = YES;
				GCC_OPTIMIZATION_LEVEL = 0;
				GCC_PREPROCESSOR_DEFINITIONS = (
					"DEBUG=1",
					"$(inherited)",
				);
				GCC_WARN_64_TO_32_BIT_CONVERSION = YES;
				GCC_WARN_ABOUT_RETURN_TYPE = YES_ERROR;
				GCC_WARN_UNDECLARED_SELECTOR = YES;
				GCC_WARN_UNINITIALIZED_AUTOS = YES_AGGRESSIVE;
				GCC_WARN_UNUSED_FUNCTION = YES;
				GCC_WARN_UNUSED_VARIABLE = YES;
				IPHONEOS_DEPLOYMENT_TARGET = 13.0;
				MTL_ENABLE_DEBUG_INFO = INCLUDE_SOURCE;
				MTL_FAST_MATH = YES;
				ONLY_ACTIVE_ARCH = YES;
				SDKROOT = iphoneos;
				SWIFT_ACTIVE_COMPILATION_CONDITIONS = DEBUG;
				SWIFT_OPTIMIZATION_LEVEL = "-Onone";
			};
			name = Debug;
		};
		FB6FDD79235013AF0045CEDD /* Release */ = {
			isa = XCBuildConfiguration;
			buildSettings = {
				ALWAYS_SEARCH_USER_PATHS = NO;
				CLANG_ANALYZER_NONNULL = YES;
				CLANG_ANALYZER_NUMBER_OBJECT_CONVERSION = YES_AGGRESSIVE;
				CLANG_CXX_LANGUAGE_STANDARD = "gnu++14";
				CLANG_CXX_LIBRARY = "libc++";
				CLANG_ENABLE_MODULES = YES;
				CLANG_ENABLE_OBJC_ARC = YES;
				CLANG_ENABLE_OBJC_WEAK = YES;
				CLANG_WARN_BLOCK_CAPTURE_AUTORELEASING = YES;
				CLANG_WARN_BOOL_CONVERSION = YES;
				CLANG_WARN_COMMA = YES;
				CLANG_WARN_CONSTANT_CONVERSION = YES;
				CLANG_WARN_DEPRECATED_OBJC_IMPLEMENTATIONS = YES;
				CLANG_WARN_DIRECT_OBJC_ISA_USAGE = YES_ERROR;
				CLANG_WARN_DOCUMENTATION_COMMENTS = YES;
				CLANG_WARN_EMPTY_BODY = YES;
				CLANG_WARN_ENUM_CONVERSION = YES;
				CLANG_WARN_INFINITE_RECURSION = YES;
				CLANG_WARN_INT_CONVERSION = YES;
				CLANG_WARN_NON_LITERAL_NULL_CONVERSION = YES;
				CLANG_WARN_OBJC_IMPLICIT_RETAIN_SELF = YES;
				CLANG_WARN_OBJC_LITERAL_CONVERSION = YES;
				CLANG_WARN_OBJC_ROOT_CLASS = YES_ERROR;
				CLANG_WARN_RANGE_LOOP_ANALYSIS = YES;
				CLANG_WARN_STRICT_PROTOTYPES = YES;
				CLANG_WARN_SUSPICIOUS_MOVE = YES;
				CLANG_WARN_UNGUARDED_AVAILABILITY = YES_AGGRESSIVE;
				CLANG_WARN_UNREACHABLE_CODE = YES;
				CLANG_WARN__DUPLICATE_METHOD_MATCH = YES;
				COPY_PHASE_STRIP = NO;
				DEBUG_INFORMATION_FORMAT = "dwarf-with-dsym";
				ENABLE_NS_ASSERTIONS = NO;
				ENABLE_STRICT_OBJC_MSGSEND = YES;
				GCC_C_LANGUAGE_STANDARD = gnu11;
				GCC_NO_COMMON_BLOCKS = YES;
				GCC_WARN_64_TO_32_BIT_CONVERSION = YES;
				GCC_WARN_ABOUT_RETURN_TYPE = YES_ERROR;
				GCC_WARN_UNDECLARED_SELECTOR = YES;
				GCC_WARN_UNINITIALIZED_AUTOS = YES_AGGRESSIVE;
				GCC_WARN_UNUSED_FUNCTION = YES;
				GCC_WARN_UNUSED_VARIABLE = YES;
				IPHONEOS_DEPLOYMENT_TARGET = 13.0;
				MTL_ENABLE_DEBUG_INFO = NO;
				MTL_FAST_MATH = YES;
				SDKROOT = iphoneos;
				SWIFT_COMPILATION_MODE = wholemodule;
				SWIFT_OPTIMIZATION_LEVEL = "-O";
				VALIDATE_PRODUCT = YES;
			};
			name = Release;
		};
		FB6FDD7B235013AF0045CEDD /* Debug */ = {
			isa = XCBuildConfiguration;
			buildSettings = {
				ASSETCATALOG_COMPILER_APPICON_NAME = AppIcon;
				CODE_SIGN_STYLE = Automatic;
				INFOPLIST_FILE = "Gasolina-ou-Alcool/Info.plist";
				LD_RUNPATH_SEARCH_PATHS = (
					"$(inherited)",
					"@executable_path/Frameworks",
				);
				PRODUCT_BUNDLE_IDENTIFIER = "pcsoftinformatica.com.br.Gasolina-ou-Alcool";
				PRODUCT_NAME = "$(TARGET_NAME)";
				SWIFT_VERSION = 5.0;
				TARGETED_DEVICE_FAMILY = "1,2";
			};
			name = Debug;
		};
		FB6FDD7C235013AF0045CEDD /* Release */ = {
			isa = XCBuildConfiguration;
			buildSettings = {
				ASSETCATALOG_COMPILER_APPICON_NAME = AppIcon;
				CODE_SIGN_STYLE = Automatic;
				INFOPLIST_FILE = "Gasolina-ou-Alcool/Info.plist";
				LD_RUNPATH_SEARCH_PATHS = (
					"$(inherited)",
					"@executable_path/Frameworks",
				);
				PRODUCT_BUNDLE_IDENTIFIER = "pcsoftinformatica.com.br.Gasolina-ou-Alcool";
				PRODUCT_NAME = "$(TARGET_NAME)";
				SWIFT_VERSION = 5.0;
				TARGETED_DEVICE_FAMILY = "1,2";
			};
			name = Release;
		};
/* End XCBuildConfiguration section */

/* Begin XCConfigurationList section */
		FB6FDD61235013AC0045CEDD /* Build configuration list for PBXProject "Gasolina-ou-Alcool" */ = {
			isa = XCConfigurationList;
			buildConfigurations = (
				FB6FDD78235013AF0045CEDD /* Debug */,
				FB6FDD79235013AF0045CEDD /* Release */,
			);
			defaultConfigurationIsVisible = 0;
			defaultConfigurationName = Release;
		};
		FB6FDD7A235013AF0045CEDD /* Build configuration list for PBXNativeTarget "Gasolina-ou-Alcool" */ = {
			isa = XCConfigurationList;
			buildConfigurations = (
				FB6FDD7B235013AF0045CEDD /* Debug */,
				FB6FDD7C235013AF0045CEDD /* Release */,
			);
			defaultConfigurationIsVisible = 0;
			defaultConfigurationName = Release;
		};
/* End XCConfigurationList section */
	};
	rootObject = FB6FDD5E235013AC0045CEDD /* Project object */;
}
